
Microsoft Visual Studio Solution File, Format Version 12.00
# Visual Studio Version 16
VisualStudioVersion = 16.0.31019.35
MinimumVisualStudioVersion = 10.0.40219.1
Project("{9A19103F-16F7-4668-BE54-9A1E7A4F7556}") = "ClothingStore", "ClothingStore.csproj", "{E544EEE3-41AE-4ABA-BA13-E21A021A94BB}"
EndProject
Project("{2150E333-8FDC-42A3-9474-1A3956D46DE8}") = "Docs", "Docs", "{7C188FD1-1A0F-4889-8F83-02E12CDB0A8B}"
EndProject
Project("{2150E333-8FDC-42A3-9474-1A3956D46DE8}") = "Src", "Src", "{24091201-041A-411C-AFC3-9A7CDFCF327E}"
EndProject
Project("{2150E333-8FDC-42A3-9474-1A3956D46DE8}") = "Core", "Core", "{155AA93E-0E6B-4B54-B3EC-11F0ABF8F82E}"
EndProject
Project("{9A19103F-16F7-4668-BE54-9A1E7A4F7556}") = "Application", "..\Application\Application.csproj", "{9F252334-B3AE-4A34-BF56-F1E83AAACE8B}"
EndProject
Project("{9A19103F-16F7-4668-BE54-9A1E7A4F7556}") = "Domain", "..\Domain\Domain.csproj", "{E31D87C2-1883-4DC0-B94D-96268B61D6D9}"
EndProject
Project("{2150E333-8FDC-42A3-9474-1A3956D46DE8}") = "Infrastructure", "Infrastructure", "{792C24D0-BBF6-47E8-8EB1-13EC4B9CB01D}"
EndProject
Project("{2150E333-8FDC-42A3-9474-1A3956D46DE8}") = "Presentation", "Presentation", "{F1772270-0616-4F5D-A630-789AEFBC402C}"
EndProject
Project("{9A19103F-16F7-4668-BE54-9A1E7A4F7556}") = "Infrastructure.Persistence", "..\Persistence\Infrastructure.Persistence.csproj", "{D4DBC8F8-14A2-486D-A558-341B720CB991}"
EndProject
Project("{FAE04EC0-301F-11D3-BF4B-00C04F79EFBC}") = "Infrastructure.Identity", "..\Infrastructure.Identity\Infrastructure.Identity.csproj", "{30613F7C-C86D-4BCF-9475-23E8DBEF69BC}"
EndProject
Global
	GlobalSection(SolutionConfigurationPlatforms) = preSolution
		Debug|Any CPU = Debug|Any CPU
		Release|Any CPU = Release|Any CPU
	EndGlobalSection
	GlobalSection(ProjectConfigurationPlatforms) = postSolution
		{E544EEE3-41AE-4ABA-BA13-E21A021A94BB}.Debug|Any CPU.ActiveCfg = Debug|Any CPU
		{E544EEE3-41AE-4ABA-BA13-E21A021A94BB}.Debug|Any CPU.Build.0 = Debug|Any CPU
		{E544EEE3-41AE-4ABA-BA13-E21A021A94BB}.Release|Any CPU.ActiveCfg = Release|Any CPU
		{E544EEE3-41AE-4ABA-BA13-E21A021A94BB}.Release|Any CPU.Build.0 = Release|Any CPU
		{9F252334-B3AE-4A34-BF56-F1E83AAACE8B}.Debug|Any CPU.ActiveCfg = Debug|Any CPU
		{9F252334-B3AE-4A34-BF56-F1E83AAACE8B}.Debug|Any CPU.Build.0 = Debug|Any CPU
		{9F252334-B3AE-4A34-BF56-F1E83AAACE8B}.Release|Any CPU.ActiveCfg = Release|Any CPU
		{9F252334-B3AE-4A34-BF56-F1E83AAACE8B}.Release|Any CPU.Build.0 = Release|Any CPU
		{E31D87C2-1883-4DC0-B94D-96268B61D6D9}.Debug|Any CPU.ActiveCfg = Debug|Any CPU
		{E31D87C2-1883-4DC0-B94D-96268B61D6D9}.Debug|Any CPU.Build.0 = Debug|Any CPU
		{E31D87C2-1883-4DC0-B94D-96268B61D6D9}.Release|Any CPU.ActiveCfg = Release|Any CPU
		{E31D87C2-1883-4DC0-B94D-96268B61D6D9}.Release|Any CPU.Build.0 = Release|Any CPU
		{D4DBC8F8-14A2-486D-A558-341B720CB991}.Debug|Any CPU.ActiveCfg = Debug|Any CPU
		{D4DBC8F8-14A2-486D-A558-341B720CB991}.Debug|Any CPU.Build.0 = Debug|Any CPU
		{D4DBC8F8-14A2-486D-A558-341B720CB991}.Release|Any CPU.ActiveCfg = Release|Any CPU
		{D4DBC8F8-14A2-486D-A558-341B720CB991}.Release|Any CPU.Build.0 = Release|Any CPU
		{30613F7C-C86D-4BCF-9475-23E8DBEF69BC}.Debug|Any CPU.ActiveCfg = Debug|Any CPU
		{30613F7C-C86D-4BCF-9475-23E8DBEF69BC}.Debug|Any CPU.Build.0 = Debug|Any CPU
		{30613F7C-C86D-4BCF-9475-23E8DBEF69BC}.Release|Any CPU.ActiveCfg = Release|Any CPU
		{30613F7C-C86D-4BCF-9475-23E8DBEF69BC}.Release|Any CPU.Build.0 = Release|Any CPU
	EndGlobalSection
	GlobalSection(SolutionProperties) = preSolution
		HideSolutionNode = FALSE
	EndGlobalSection
	GlobalSection(NestedProjects) = preSolution
		{E544EEE3-41AE-4ABA-BA13-E21A021A94BB} = {F1772270-0616-4F5D-A630-789AEFBC402C}
		{155AA93E-0E6B-4B54-B3EC-11F0ABF8F82E} = {24091201-041A-411C-AFC3-9A7CDFCF327E}
		{9F252334-B3AE-4A34-BF56-F1E83AAACE8B} = {155AA93E-0E6B-4B54-B3EC-11F0ABF8F82E}
		{E31D87C2-1883-4DC0-B94D-96268B61D6D9} = {155AA93E-0E6B-4B54-B3EC-11F0ABF8F82E}
		{792C24D0-BBF6-47E8-8EB1-13EC4B9CB01D} = {24091201-041A-411C-AFC3-9A7CDFCF327E}
		{F1772270-0616-4F5D-A630-789AEFBC402C} = {24091201-041A-411C-AFC3-9A7CDFCF327E}
		{D4DBC8F8-14A2-486D-A558-341B720CB991} = {792C24D0-BBF6-47E8-8EB1-13EC4B9CB01D}
		{30613F7C-C86D-4BCF-9475-23E8DBEF69BC} = {792C24D0-BBF6-47E8-8EB1-13EC4B9CB01D}
	EndGlobalSection
	GlobalSection(ExtensibilityGlobals) = postSolution
		SolutionGuid = {DB559334-4698-4886-A014-6A91F07B7535}
	EndGlobalSection
EndGlobal
